
Microsoft Visual Studio Solution File, Format Version 12.00
# Visual Studio Version 16
VisualStudioVersion = 16.0.31205.134
MinimumVisualStudioVersion = 10.0.40219.1
Project("{FAE04EC0-301F-11D3-BF4B-00C04F79EFBC}") = "TestMVCApplication", "Assignment 1\TestMVCApplication.csproj", "{6D2BA51A-038D-4843-86FF-E342143D5F08}"
EndProject
Project("{FAE04EC0-301F-11D3-BF4B-00C04F79EFBC}") = "NewBusiness", "NewBusiness\NewBusiness.csproj", "{2BE9D3AE-C272-4442-8A0C-AC7EABB4F907}"
EndProject
Project("{FAE04EC0-301F-11D3-BF4B-00C04F79EFBC}") = "NewDataAccess", "NewDataAccess\NewDataAccess.csproj", "{959B5E41-CF51-42C7-B529-43A62E759DAA}"
EndProject
Project("{FAE04EC0-301F-11D3-BF4B-00C04F79EFBC}") = "NewModel", "NewModel\NewModel.csproj", "{C7992907-DEB7-4CBC-8B4B-7D33B0AAF75B}"
EndProject
Project("{FAE04EC0-301F-11D3-BF4B-00C04F79EFBC}") = "NewService", "NewService\NewService.csproj", "{7D8B5A29-650A-433F-8EEA-1DC481323A9C}"
EndProject
Global
	GlobalSection(SolutionConfigurationPlatforms) = preSolution
		Debug|Any CPU = Debug|Any CPU
		Release|Any CPU = Release|Any CPU
	EndGlobalSection
	GlobalSection(ProjectConfigurationPlatforms) = postSolution
		{6D2BA51A-038D-4843-86FF-E342143D5F08}.Debug|Any CPU.ActiveCfg = Debug|Any CPU
		{6D2BA51A-038D-4843-86FF-E342143D5F08}.Debug|Any CPU.Build.0 = Debug|Any CPU
		{6D2BA51A-038D-4843-86FF-E342143D5F08}.Release|Any CPU.ActiveCfg = Release|Any CPU
		{6D2BA51A-038D-4843-86FF-E342143D5F08}.Release|Any CPU.Build.0 = Release|Any CPU
		{2BE9D3AE-C272-4442-8A0C-AC7EABB4F907}.Debug|Any CPU.ActiveCfg = Debug|Any CPU
		{2BE9D3AE-C272-4442-8A0C-AC7EABB4F907}.Debug|Any CPU.Build.0 = Debug|Any CPU
		{2BE9D3AE-C272-4442-8A0C-AC7EABB4F907}.Release|Any CPU.ActiveCfg = Release|Any CPU
		{2BE9D3AE-C272-4442-8A0C-AC7EABB4F907}.Release|Any CPU.Build.0 = Release|Any CPU
		{959B5E41-CF51-42C7-B529-43A62E759DAA}.Debug|Any CPU.ActiveCfg = Debug|Any CPU
		{959B5E41-CF51-42C7-B529-43A62E759DAA}.Debug|Any CPU.Build.0 = Debug|Any CPU
		{959B5E41-CF51-42C7-B529-43A62E759DAA}.Release|Any CPU.ActiveCfg = Release|Any CPU
		{959B5E41-CF51-42C7-B529-43A62E759DAA}.Release|Any CPU.Build.0 = Release|Any CPU
		{C7992907-DEB7-4CBC-8B4B-7D33B0AAF75B}.Debug|Any CPU.ActiveCfg = Debug|Any CPU
		{C7992907-DEB7-4CBC-8B4B-7D33B0AAF75B}.Debug|Any CPU.Build.0 = Debug|Any CPU
		{C7992907-DEB7-4CBC-8B4B-7D33B0AAF75B}.Release|Any CPU.ActiveCfg = Release|Any CPU
		{C7992907-DEB7-4CBC-8B4B-7D33B0AAF75B}.Release|Any CPU.Build.0 = Release|Any CPU
		{7D8B5A29-650A-433F-8EEA-1DC481323A9C}.Debug|Any CPU.ActiveCfg = Debug|Any CPU
		{7D8B5A29-650A-433F-8EEA-1DC481323A9C}.Debug|Any CPU.Build.0 = Debug|Any CPU
		{7D8B5A29-650A-433F-8EEA-1DC481323A9C}.Release|Any CPU.ActiveCfg = Release|Any CPU
		{7D8B5A29-650A-433F-8EEA-1DC481323A9C}.Release|Any CPU.Build.0 = Release|Any CPU
	EndGlobalSection
	GlobalSection(SolutionProperties) = preSolution
		HideSolutionNode = FALSE
	EndGlobalSection
	GlobalSection(ExtensibilityGlobals) = postSolution
		SolutionGuid = {8CD4BF88-8631-4531-BDDD-B22EB133F8D6}
	EndGlobalSection
EndGlobal
